// !$*UTF8*$!
{
	archiveVersion = 1;
	classes = {
	};
	objectVersion = 48;
	objects = {

/* Begin PBXBuildFile section */
		DA7186361FBC0004007C5A8C /* PictureHandler.m in Sources */ = {isa = PBXBuildFile; fileRef = DA7186351FBC0004007C5A8C /* PictureHandler.m */; };
		DA7186391FBC02B6007C5A8C /* MasterViewController.m in Sources */ = {isa = PBXBuildFile; fileRef = DA7186381FBC02B6007C5A8C /* MasterViewController.m */; };
		DA9306B01FBE90FC00F7F339 /* SectionReusableView.m in Sources */ = {isa = PBXBuildFile; fileRef = DA9306AF1FBE90FC00F7F339 /* SectionReusableView.m */; };
		DAE902AF1FBCEEF700D9C0AB /* PictureViewCell.m in Sources */ = {isa = PBXBuildFile; fileRef = DAE902AE1FBCEEF700D9C0AB /* PictureViewCell.m */; };
		DAF392791FBBF3CD00D7BDDB /* AppDelegate.m in Sources */ = {isa = PBXBuildFile; fileRef = DAF392781FBBF3CD00D7BDDB /* AppDelegate.m */; };
		DAF3927F1FBBF3CD00D7BDDB /* Main.storyboard in Resources */ = {isa = PBXBuildFile; fileRef = DAF3927D1FBBF3CD00D7BDDB /* Main.storyboard */; };
		DAF392811FBBF3CD00D7BDDB /* Assets.xcassets in Resources */ = {isa = PBXBuildFile; fileRef = DAF392801FBBF3CD00D7BDDB /* Assets.xcassets */; };
		DAF392841FBBF3CD00D7BDDB /* LaunchScreen.storyboard in Resources */ = {isa = PBXBuildFile; fileRef = DAF392821FBBF3CD00D7BDDB /* LaunchScreen.storyboard */; };
		DAF392871FBBF3CD00D7BDDB /* main.m in Sources */ = {isa = PBXBuildFile; fileRef = DAF392861FBBF3CD00D7BDDB /* main.m */; };
		DAF392921FBBF4F000D7BDDB /* PictureObject.m in Sources */ = {isa = PBXBuildFile; fileRef = DAF392911FBBF4F000D7BDDB /* PictureObject.m */; };
		DAF392961FBBF6A400D7BDDB /* PictureCategory.m in Sources */ = {isa = PBXBuildFile; fileRef = DAF392951FBBF6A400D7BDDB /* PictureCategory.m */; };
/* End PBXBuildFile section */

/* Begin PBXFileReference section */
		DA7186341FBC0004007C5A8C /* PictureHandler.h */ = {isa = PBXFileReference; lastKnownFileType = sourcecode.c.h; path = PictureHandler.h; sourceTree = "<group>"; };
		DA7186351FBC0004007C5A8C /* PictureHandler.m */ = {isa = PBXFileReference; lastKnownFileType = sourcecode.c.objc; path = PictureHandler.m; sourceTree = "<group>"; };
		DA7186371FBC02B6007C5A8C /* MasterViewController.h */ = {isa = PBXFileReference; lastKnownFileType = sourcecode.c.h; path = MasterViewController.h; sourceTree = "<group>"; };
		DA7186381FBC02B6007C5A8C /* MasterViewController.m */ = {isa = PBXFileReference; lastKnownFileType = sourcecode.c.objc; path = MasterViewController.m; sourceTree = "<group>"; };
		DA9306AE1FBE90FC00F7F339 /* SectionReusableView.h */ = {isa = PBXFileReference; lastKnownFileType = sourcecode.c.h; path = SectionReusableView.h; sourceTree = "<group>"; };
		DA9306AF1FBE90FC00F7F339 /* SectionReusableView.m */ = {isa = PBXFileReference; lastKnownFileType = sourcecode.c.objc; path = SectionReusableView.m; sourceTree = "<group>"; };
		DAE902AD1FBCEEF700D9C0AB /* PictureViewCell.h */ = {isa = PBXFileReference; lastKnownFileType = sourcecode.c.h; path = PictureViewCell.h; sourceTree = "<group>"; };
		DAE902AE1FBCEEF700D9C0AB /* PictureViewCell.m */ = {isa = PBXFileReference; lastKnownFileType = sourcecode.c.objc; path = PictureViewCell.m; sourceTree = "<group>"; };
		DAF392741FBBF3CD00D7BDDB /* PracticeInstaKilo.app */ = {isa = PBXFileReference; explicitFileType = wrapper.application; includeInIndex = 0; path = PracticeInstaKilo.app; sourceTree = BUILT_PRODUCTS_DIR; };
		DAF392771FBBF3CD00D7BDDB /* AppDelegate.h */ = {isa = PBXFileReference; lastKnownFileType = sourcecode.c.h; path = AppDelegate.h; sourceTree = "<group>"; };
		DAF392781FBBF3CD00D7BDDB /* AppDelegate.m */ = {isa = PBXFileReference; lastKnownFileType = sourcecode.c.objc; path = AppDelegate.m; sourceTree = "<group>"; };
		DAF3927E1FBBF3CD00D7BDDB /* Base */ = {isa = PBXFileReference; lastKnownFileType = file.storyboard; name = Base; path = Base.lproj/Main.storyboard; sourceTree = "<group>"; };
		DAF392801FBBF3CD00D7BDDB /* Assets.xcassets */ = {isa = PBXFileReference; lastKnownFileType = folder.assetcatalog; path = Assets.xcassets; sourceTree = "<group>"; };
		DAF392831FBBF3CD00D7BDDB /* Base */ = {isa = PBXFileReference; lastKnownFileType = file.storyboard; name = Base; path = Base.lproj/LaunchScreen.storyboard; sourceTree = "<group>"; };
		DAF392851FBBF3CD00D7BDDB /* Info.plist */ = {isa = PBXFileReference; lastKnownFileType = text.plist.xml; path = Info.plist; sourceTree = "<group>"; };
		DAF392861FBBF3CD00D7BDDB /* main.m */ = {isa = PBXFileReference; lastKnownFileType = sourcecode.c.objc; path = main.m; sourceTree = "<group>"; };
		DAF392901FBBF4F000D7BDDB /* PictureObject.h */ = {isa = PBXFileReference; lastKnownFileType = sourcecode.c.h; name = PictureObject.h; path = PracticeInstaKilo/Model/PictureObject.h; sourceTree = SOURCE_ROOT; };
		DAF392911FBBF4F000D7BDDB /* PictureObject.m */ = {isa = PBXFileReference; lastKnownFileType = sourcecode.c.objc; name = PictureObject.m; path = PracticeInstaKilo/Model/PictureObject.m; sourceTree = SOURCE_ROOT; };
		DAF392941FBBF6A400D7BDDB /* PictureCategory.h */ = {isa = PBXFileReference; lastKnownFileType = sourcecode.c.h; path = PictureCategory.h; sourceTree = "<group>"; };
		DAF392951FBBF6A400D7BDDB /* PictureCategory.m */ = {isa = PBXFileReference; lastKnownFileType = sourcecode.c.objc; path = PictureCategory.m; sourceTree = "<group>"; };
/* End PBXFileReference section */

/* Begin PBXFrameworksBuildPhase section */
		DAF392711FBBF3CD00D7BDDB /* Frameworks */ = {
			isa = PBXFrameworksBuildPhase;
			buildActionMask = 2147483647;
			files = (
			);
			runOnlyForDeploymentPostprocessing = 0;
		};
/* End PBXFrameworksBuildPhase section */

/* Begin PBXGroup section */
		DAF3926B1FBBF3CD00D7BDDB = {
			isa = PBXGroup;
			children = (
				DAF392761FBBF3CD00D7BDDB /* PracticeInstaKilo */,
				DAF392751FBBF3CD00D7BDDB /* Products */,
			);
			sourceTree = "<group>";
		};
		DAF392751FBBF3CD00D7BDDB /* Products */ = {
			isa = PBXGroup;
			children = (
				DAF392741FBBF3CD00D7BDDB /* PracticeInstaKilo.app */,
			);
			name = Products;
			sourceTree = "<group>";
		};
		DAF392761FBBF3CD00D7BDDB /* PracticeInstaKilo */ = {
			isa = PBXGroup;
			children = (
				DAF392851FBBF3CD00D7BDDB /* Info.plist */,
				DAF3928F1FBBF4CC00D7BDDB /* Controller */,
				DAF3928E1FBBF4C500D7BDDB /* View */,
				DAF3928D1FBBF4B600D7BDDB /* Model */,
				DAF392931FBBF4FD00D7BDDB /* Support */,
			);
			path = PracticeInstaKilo;
			sourceTree = "<group>";
		};
		DAF3928D1FBBF4B600D7BDDB /* Model */ = {
			isa = PBXGroup;
			children = (
				DA7186341FBC0004007C5A8C /* PictureHandler.h */,
				DA7186351FBC0004007C5A8C /* PictureHandler.m */,
				DAF392941FBBF6A400D7BDDB /* PictureCategory.h */,
				DAF392951FBBF6A400D7BDDB /* PictureCategory.m */,
				DAF392901FBBF4F000D7BDDB /* PictureObject.h */,
				DAF392911FBBF4F000D7BDDB /* PictureObject.m */,
			);
			path = Model;
			sourceTree = "<group>";
		};
		DAF3928E1FBBF4C500D7BDDB /* View */ = {
			isa = PBXGroup;
			children = (
				DAF3927D1FBBF3CD00D7BDDB /* Main.storyboard */,
			);
			path = View;
			sourceTree = "<group>";
		};
		DAF3928F1FBBF4CC00D7BDDB /* Controller */ = {
			isa = PBXGroup;
			children = (
				DA7186371FBC02B6007C5A8C /* MasterViewController.h */,
				DA7186381FBC02B6007C5A8C /* MasterViewController.m */,
				DAE902AD1FBCEEF700D9C0AB /* PictureViewCell.h */,
				DAE902AE1FBCEEF700D9C0AB /* PictureViewCell.m */,
				DA9306AE1FBE90FC00F7F339 /* SectionReusableView.h */,
				DA9306AF1FBE90FC00F7F339 /* SectionReusableView.m */,
			);
			path = Controller;
			sourceTree = "<group>";
		};
		DAF392931FBBF4FD00D7BDDB /* Support */ = {
			isa = PBXGroup;
			children = (
				DAF392771FBBF3CD00D7BDDB /* AppDelegate.h */,
				DAF392781FBBF3CD00D7BDDB /* AppDelegate.m */,
				DAF392801FBBF3CD00D7BDDB /* Assets.xcassets */,
				DAF392821FBBF3CD00D7BDDB /* LaunchScreen.storyboard */,
				DAF392861FBBF3CD00D7BDDB /* main.m */,
			);
			path = Support;
			sourceTree = "<group>";
		};
/* End PBXGroup section */

/* Begin PBXNativeTarget section */
		DAF392731FBBF3CD00D7BDDB /* PracticeInstaKilo */ = {
			isa = PBXNativeTarget;
			buildConfigurationList = DAF3928A1FBBF3CD00D7BDDB /* Build configuration list for PBXNativeTarget "PracticeInstaKilo" */;
			buildPhases = (
				DAF392701FBBF3CD00D7BDDB /* Sources */,
				DAF392711FBBF3CD00D7BDDB /* Frameworks */,
				DAF392721FBBF3CD00D7BDDB /* Resources */,
			);
			buildRules = (
			);
			dependencies = (
			);
			name = PracticeInstaKilo;
			productName = PracticeInstaKilo;
			productReference = DAF392741FBBF3CD00D7BDDB /* PracticeInstaKilo.app */;
			productType = "com.apple.product-type.application";
		};
/* End PBXNativeTarget section */

/* Begin PBXProject section */
		DAF3926C1FBBF3CD00D7BDDB /* Project object */ = {
			isa = PBXProject;
			attributes = {
				LastUpgradeCheck = 0910;
				ORGANIZATIONNAME = Paul;
				TargetAttributes = {
					DAF392731FBBF3CD00D7BDDB = {
						CreatedOnToolsVersion = 9.1;
						ProvisioningStyle = Automatic;
					};
				};
			};
			buildConfigurationList = DAF3926F1FBBF3CD00D7BDDB /* Build configuration list for PBXProject "PracticeInstaKilo" */;
			compatibilityVersion = "Xcode 8.0";
			developmentRegion = en;
			hasScannedForEncodings = 0;
			knownRegions = (
				en,
				Base,
			);
			mainGroup = DAF3926B1FBBF3CD00D7BDDB;
			productRefGroup = DAF392751FBBF3CD00D7BDDB /* Products */;
			projectDirPath = "";
			projectRoot = "";
			targets = (
				DAF392731FBBF3CD00D7BDDB /* PracticeInstaKilo */,
			);
		};
/* End PBXProject section */

/* Begin PBXResourcesBuildPhase section */
		DAF392721FBBF3CD00D7BDDB /* Resources */ = {
			isa = PBXResourcesBuildPhase;
			buildActionMask = 2147483647;
			files = (
				DAF392841FBBF3CD00D7BDDB /* LaunchScreen.storyboard in Resources */,
				DAF392811FBBF3CD00D7BDDB /* Assets.xcassets in Resources */,
				DAF3927F1FBBF3CD00D7BDDB /* Main.storyboard in Resources */,
			);
			runOnlyForDeploymentPostprocessing = 0;
		};
/* End PBXResourcesBuildPhase section */

/* Begin PBXSourcesBuildPhase section */
		DAF392701FBBF3CD00D7BDDB /* Sources */ = {
			isa = PBXSourcesBuildPhase;
			buildActionMask = 2147483647;
			files = (
				DAE902AF1FBCEEF700D9C0AB /* PictureViewCell.m in Sources */,
				DAF392921FBBF4F000D7BDDB /* PictureObject.m in Sources */,
				DAF392871FBBF3CD00D7BDDB /* main.m in Sources */,
				DA9306B01FBE90FC00F7F339 /* SectionReusableView.m in Sources */,
				DAF392791FBBF3CD00D7BDDB /* AppDelegate.m in Sources */,
				DAF392961FBBF6A400D7BDDB /* PictureCategory.m in Sources */,
				DA7186391FBC02B6007C5A8C /* MasterViewController.m in Sources */,
				DA7186361FBC0004007C5A8C /* PictureHandler.m in Sources */,
			);
			runOnlyForDeploymentPostprocessing = 0;
		};
/* End PBXSourcesBuildPhase section */

/* Begin PBXVariantGroup section */
		DAF3927D1FBBF3CD00D7BDDB /* Main.storyboard */ = {
			isa = PBXVariantGroup;
			children = (
				DAF3927E1FBBF3CD00D7BDDB /* Base */,
			);
			name = Main.storyboard;
			sourceTree = "<group>";
		};
		DAF392821FBBF3CD00D7BDDB /* LaunchScreen.storyboard */ = {
			isa = PBXVariantGroup;
			children = (
				DAF392831FBBF3CD00D7BDDB /* Base */,
			);
			name = LaunchScreen.storyboard;
			sourceTree = "<group>";
		};
/* End PBXVariantGroup section */

/* Begin XCBuildConfiguration section */
		DAF392881FBBF3CD00D7BDDB /* Debug */ = {
			isa = XCBuildConfiguration;
			buildSettings = {
				ALWAYS_SEARCH_USER_PATHS = NO;
				CLANG_ANALYZER_NONNULL = YES;
				CLANG_ANALYZER_NUMBER_OBJECT_CONVERSION = YES_AGGRESSIVE;
				CLANG_CXX_LANGUAGE_STANDARD = "gnu++14";
				CLANG_CXX_LIBRARY = "libc++";
				CLANG_ENABLE_MODULES = YES;
				CLANG_ENABLE_OBJC_ARC = YES;
				CLANG_WARN_BLOCK_CAPTURE_AUTORELEASING = YES;
				CLANG_WARN_BOOL_CONVERSION = YES;
				CLANG_WARN_COMMA = YES;
				CLANG_WARN_CONSTANT_CONVERSION = YES;
				CLANG_WARN_DIRECT_OBJC_ISA_USAGE = YES_ERROR;
				CLANG_WARN_DOCUMENTATION_COMMENTS = YES;
				CLANG_WARN_EMPTY_BODY = YES;
				CLANG_WARN_ENUM_CONVERSION = YES;
				CLANG_WARN_INFINITE_RECURSION = YES;
				CLANG_WARN_INT_CONVERSION = YES;
				CLANG_WARN_NON_LITERAL_NULL_CONVERSION = YES;
				CLANG_WARN_OBJC_LITERAL_CONVERSION = YES;
				CLANG_WARN_OBJC_ROOT_CLASS = YES_ERROR;
				CLANG_WARN_RANGE_LOOP_ANALYSIS = YES;
				CLANG_WARN_STRICT_PROTOTYPES = YES;
				CLANG_WARN_SUSPICIOUS_MOVE = YES;
				CLANG_WARN_UNGUARDED_AVAILABILITY = YES_AGGRESSIVE;
				CLANG_WARN_UNREACHABLE_CODE = YES;
				CLANG_WARN__DUPLICATE_METHOD_MATCH = YES;
				CODE_SIGN_IDENTITY = "iPhone Developer";
				COPY_PHASE_STRIP = NO;
				DEBUG_INFORMATION_FORMAT = dwarf;
				ENABLE_STRICT_OBJC_MSGSEND = YES;
				ENABLE_TESTABILITY = YES;
				GCC_C_LANGUAGE_STANDARD = gnu11;
				GCC_DYNAMIC_NO_PIC = NO;
				GCC_NO_COMMON_BLOCKS = YES;
				GCC_OPTIMIZATION_LEVEL = 0;
				GCC_PREPROCESSOR_DEFINITIONS = (
					"DEBUG=1",
					"$(inherited)",
				);
				GCC_WARN_64_TO_32_BIT_CONVERSION = YES;
				GCC_WARN_ABOUT_RETURN_TYPE = YES_ERROR;
				GCC_WARN_UNDECLARED_SELECTOR = YES;
				GCC_WARN_UNINITIALIZED_AUTOS = YES_AGGRESSIVE;
				GCC_WARN_UNUSED_FUNCTION = YES;
				GCC_WARN_UNUSED_VARIABLE = YES;
				IPHONEOS_DEPLOYMENT_TARGET = 11.1;
				MTL_ENABLE_DEBUG_INFO = YES;
				ONLY_ACTIVE_ARCH = YES;
				SDKROOT = iphoneos;
			};
			name = Debug;
		};
		DAF392891FBBF3CD00D7BDDB /* Release */ = {
			isa = XCBuildConfiguration;
			buildSettings = {
				ALWAYS_SEARCH_USER_PATHS = NO;
				CLANG_ANALYZER_NONNULL = YES;
				CLANG_ANALYZER_NUMBER_OBJECT_CONVERSION = YES_AGGRESSIVE;
				CLANG_CXX_LANGUAGE_STANDARD = "gnu++14";
				CLANG_CXX_LIBRARY = "libc++";
				CLANG_ENABLE_MODULES = YES;
				CLANG_ENABLE_OBJC_ARC = YES;
				CLANG_WARN_BLOCK_CAPTURE_AUTORELEASING = YES;
				CLANG_WARN_BOOL_CONVERSION = YES;
				CLANG_WARN_COMMA = YES;
				CLANG_WARN_CONSTANT_CONVERSION = YES;
				CLANG_WARN_DIRECT_OBJC_ISA_USAGE = YES_ERROR;
				CLANG_WARN_DOCUMENTATION_COMMENTS = YES;
				CLANG_WARN_EMPTY_BODY = YES;
				CLANG_WARN_ENUM_CONVERSION = YES;
				CLANG_WARN_INFINITE_RECURSION = YES;
				CLANG_WARN_INT_CONVERSION = YES;
				CLANG_WARN_NON_LITERAL_NULL_CONVERSION = YES;
				CLANG_WARN_OBJC_LITERAL_CONVERSION = YES;
				CLANG_WARN_OBJC_ROOT_CLASS = YES_ERROR;
				CLANG_WARN_RANGE_LOOP_ANALYSIS = YES;
				CLANG_WARN_STRICT_PROTOTYPES = YES;
				CLANG_WARN_SUSPICIOUS_MOVE = YES;
				CLANG_WARN_UNGUARDED_AVAILABILITY = YES_AGGRESSIVE;
				CLANG_WARN_UNREACHABLE_CODE = YES;
				CLANG_WARN__DUPLICATE_METHOD_MATCH = YES;
				CODE_SIGN_IDENTITY = "iPhone Developer";
				COPY_PHASE_STRIP = NO;
				DEBUG_INFORMATION_FORMAT = "dwarf-with-dsym";
				ENABLE_NS_ASSERTIONS = NO;
				ENABLE_STRICT_OBJC_MSGSEND = YES;
				GCC_C_LANGUAGE_STANDARD = gnu11;
				GCC_NO_COMMON_BLOCKS = YES;
				GCC_WARN_64_TO_32_BIT_CONVERSION = YES;
				GCC_WARN_ABOUT_RETURN_TYPE = YES_ERROR;
				GCC_WARN_UNDECLARED_SELECTOR = YES;
				GCC_WARN_UNINITIALIZED_AUTOS = YES_AGGRESSIVE;
				GCC_WARN_UNUSED_FUNCTION = YES;
				GCC_WARN_UNUSED_VARIABLE = YES;
				IPHONEOS_DEPLOYMENT_TARGET = 11.1;
				MTL_ENABLE_DEBUG_INFO = NO;
				SDKROOT = iphoneos;
				VALIDATE_PRODUCT = YES;
			};
			name = Release;
		};
		DAF3928B1FBBF3CD00D7BDDB /* Debug */ = {
			isa = XCBuildConfiguration;
			buildSettings = {
				ASSETCATALOG_COMPILER_APPICON_NAME = AppIcon;
				CODE_SIGN_STYLE = Automatic;
				DEVELOPMENT_TEAM = 9T98QB7DLD;
				INFOPLIST_FILE = PracticeInstaKilo/Info.plist;
				LD_RUNPATH_SEARCH_PATHS = "$(inherited) @executable_path/Frameworks";
				PRODUCT_BUNDLE_IDENTIFIER = com.Paul.PracticeInstaKilo;
				PRODUCT_NAME = "$(TARGET_NAME)";
				TARGETED_DEVICE_FAMILY = "1,2";
			};
			name = Debug;
		};
		DAF3928C1FBBF3CD00D7BDDB /* Release */ = {
			isa = XCBuildConfiguration;
			buildSettings = {
				ASSETCATALOG_COMPILER_APPICON_NAME = AppIcon;
				CODE_SIGN_STYLE = Automatic;
				DEVELOPMENT_TEAM = 9T98QB7DLD;
				INFOPLIST_FILE = PracticeInstaKilo/Info.plist;
				LD_RUNPATH_SEARCH_PATHS = "$(inherited) @executable_path/Frameworks";
				PRODUCT_BUNDLE_IDENTIFIER = com.Paul.PracticeInstaKilo;
				PRODUCT_NAME = "$(TARGET_NAME)";
				TARGETED_DEVICE_FAMILY = "1,2";
			};
			name = Release;
		};
/* End XCBuildConfiguration section */

/* Begin XCConfigurationList section */
		DAF3926F1FBBF3CD00D7BDDB /* Build configuration list for PBXProject "PracticeInstaKilo" */ = {
			isa = XCConfigurationList;
			buildConfigurations = (
				DAF392881FBBF3CD00D7BDDB /* Debug */,
				DAF392891FBBF3CD00D7BDDB /* Release */,
			);
			defaultConfigurationIsVisible = 0;
			defaultConfigurationName = Release;
		};
		DAF3928A1FBBF3CD00D7BDDB /* Build configuration list for PBXNativeTarget "PracticeInstaKilo" */ = {
			isa = XCConfigurationList;
			buildConfigurations = (
				DAF3928B1FBBF3CD00D7BDDB /* Debug */,
				DAF3928C1FBBF3CD00D7BDDB /* Release */,
			);
			defaultConfigurationIsVisible = 0;
			defaultConfigurationName = Release;
		};
/* End XCConfigurationList section */
	};
	rootObject = DAF3926C1FBBF3CD00D7BDDB /* Project object */;
}
